
Microsoft Visual Studio Solution File, Format Version 12.00
# Visual Studio Version 17
VisualStudioVersion = 17.14.36327.8 d17.14
MinimumVisualStudioVersion = 10.0.40219.1
Project("{FAE04EC0-301F-11D3-BF4B-00C04F79EFBC}") = "Console Based Data Entry Using C# and MySQL", "Console Based Data Entry Using C# and MySQL.csproj", "{4D8E36BE-915F-4AE7-A2AE-F023C51F4097}"
EndProject
Global
	GlobalSection(SolutionConfigurationPlatforms) = preSolution
		Debug|Any CPU = Debug|Any CPU
		Release|Any CPU = Release|Any CPU
	EndGlobalSection
	GlobalSection(ProjectConfigurationPlatforms) = postSolution
		{4D8E36BE-915F-4AE7-A2AE-F023C51F4097}.Debug|Any CPU.ActiveCfg = Debug|Any CPU
		{4D8E36BE-915F-4AE7-A2AE-F023C51F4097}.Debug|Any CPU.Build.0 = Debug|Any CPU
		{4D8E36BE-915F-4AE7-A2AE-F023C51F4097}.Release|Any CPU.ActiveCfg = Release|Any CPU
		{4D8E36BE-915F-4AE7-A2AE-F023C51F4097}.Release|Any CPU.Build.0 = Release|Any CPU
	EndGlobalSection
	GlobalSection(SolutionProperties) = preSolution
		HideSolutionNode = FALSE
	EndGlobalSection
	GlobalSection(ExtensibilityGlobals) = postSolution
		SolutionGuid = {79AAC819-2B83-4BEE-93E1-DE380F4CCF30}
	EndGlobalSection
EndGlobal
